
Microsoft Visual Studio Solution File, Format Version 10.00
# Visual Studio 2008
Project("{FAE04EC0-301F-11D3-BF4B-00C04F79EFBC}") = "c-sharp-websocket", "c-sharp-websocket.csproj", "{274493BB-40CE-4C98-886A-6ECDA4B58028}"
EndProject
Global
	GlobalSection(SolutionConfigurationPlatforms) = preSolution
		Debug|Any CPU = Debug|Any CPU
		Release|Any CPU = Release|Any CPU
	EndGlobalSection
	GlobalSection(ProjectConfigurationPlatforms) = postSolution
		{274493BB-40CE-4C98-886A-6ECDA4B58028}.Debug|Any CPU.ActiveCfg = Debug|Any CPU
		{274493BB-40CE-4C98-886A-6ECDA4B58028}.Debug|Any CPU.Build.0 = Debug|Any CPU
		{274493BB-40CE-4C98-886A-6ECDA4B58028}.Release|Any CPU.ActiveCfg = Release|Any CPU
		{274493BB-40CE-4C98-886A-6ECDA4B58028}.Release|Any CPU.Build.0 = Release|Any CPU
	EndGlobalSection
	GlobalSection(MonoDevelopProperties) = preSolution
		StartupItem = c-sharp-websocket.csproj
	EndGlobalSection
EndGlobal
